// !$*UTF8*$!
{
	archiveVersion = 1;
	classes = {
	};
	objectVersion = 46;
	objects = {

/* Begin PBXBuildFile section */
		15B5CE3F1F4D61840050E8A2 /* AppDelegate.swift in Sources */ = {isa = PBXBuildFile; fileRef = 15B5CE3E1F4D61840050E8A2 /* AppDelegate.swift */; };
		15B5CE411F4D61840050E8A2 /* ViewController.swift in Sources */ = {isa = PBXBuildFile; fileRef = 15B5CE401F4D61840050E8A2 /* ViewController.swift */; };
		15B5CE441F4D61840050E8A2 /* Main.storyboard in Resources */ = {isa = PBXBuildFile; fileRef = 15B5CE421F4D61840050E8A2 /* Main.storyboard */; };
		15B5CE461F4D61840050E8A2 /* Assets.xcassets in Resources */ = {isa = PBXBuildFile; fileRef = 15B5CE451F4D61840050E8A2 /* Assets.xcassets */; };
		15B5CE491F4D61840050E8A2 /* LaunchScreen.storyboard in Resources */ = {isa = PBXBuildFile; fileRef = 15B5CE471F4D61840050E8A2 /* LaunchScreen.storyboard */; };
		15B5CE541F4D65090050E8A2 /* MyTableViewCell.swift in Sources */ = {isa = PBXBuildFile; fileRef = 15B5CE521F4D65090050E8A2 /* MyTableViewCell.swift */; };
		15B5CE551F4D65090050E8A2 /* MyTableViewCell.xib in Resources */ = {isa = PBXBuildFile; fileRef = 15B5CE531F4D65090050E8A2 /* MyTableViewCell.xib */; };
		15B5CE5B1F4D7E650050E8A2 /* DetailViewController.swift in Sources */ = {isa = PBXBuildFile; fileRef = 15B5CE591F4D7E650050E8A2 /* DetailViewController.swift */; };
		15B5CE5C1F4D7E650050E8A2 /* DetailViewController.xib in Resources */ = {isa = PBXBuildFile; fileRef = 15B5CE5A1F4D7E650050E8A2 /* DetailViewController.xib */; };
		15B5CE691F4D89590050E8A2 /* RightViewCell.swift in Sources */ = {isa = PBXBuildFile; fileRef = 15B5CE671F4D89590050E8A2 /* RightViewCell.swift */; };
		15B5CE6A1F4D89590050E8A2 /* RightViewCell.xib in Resources */ = {isa = PBXBuildFile; fileRef = 15B5CE681F4D89590050E8A2 /* RightViewCell.xib */; };
/* End PBXBuildFile section */

/* Begin PBXFileReference section */
		15B5CE3B1F4D61840050E8A2 /* TableViewXIBCustomExample.app */ = {isa = PBXFileReference; explicitFileType = wrapper.application; includeInIndex = 0; path = TableViewXIBCustomExample.app; sourceTree = BUILT_PRODUCTS_DIR; };
		15B5CE3E1F4D61840050E8A2 /* AppDelegate.swift */ = {isa = PBXFileReference; lastKnownFileType = sourcecode.swift; path = AppDelegate.swift; sourceTree = "<group>"; };
		15B5CE401F4D61840050E8A2 /* ViewController.swift */ = {isa = PBXFileReference; lastKnownFileType = sourcecode.swift; path = ViewController.swift; sourceTree = "<group>"; };
		15B5CE431F4D61840050E8A2 /* Base */ = {isa = PBXFileReference; lastKnownFileType = file.storyboard; name = Base; path = Base.lproj/Main.storyboard; sourceTree = "<group>"; };
		15B5CE451F4D61840050E8A2 /* Assets.xcassets */ = {isa = PBXFileReference; lastKnownFileType = folder.assetcatalog; path = Assets.xcassets; sourceTree = "<group>"; };
		15B5CE481F4D61840050E8A2 /* Base */ = {isa = PBXFileReference; lastKnownFileType = file.storyboard; name = Base; path = Base.lproj/LaunchScreen.storyboard; sourceTree = "<group>"; };
		15B5CE4A1F4D61840050E8A2 /* Info.plist */ = {isa = PBXFileReference; lastKnownFileType = text.plist.xml; path = Info.plist; sourceTree = "<group>"; };
		15B5CE521F4D65090050E8A2 /* MyTableViewCell.swift */ = {isa = PBXFileReference; fileEncoding = 4; lastKnownFileType = sourcecode.swift; path = MyTableViewCell.swift; sourceTree = "<group>"; };
		15B5CE531F4D65090050E8A2 /* MyTableViewCell.xib */ = {isa = PBXFileReference; fileEncoding = 4; lastKnownFileType = file.xib; path = MyTableViewCell.xib; sourceTree = "<group>"; };
		15B5CE591F4D7E650050E8A2 /* DetailViewController.swift */ = {isa = PBXFileReference; fileEncoding = 4; lastKnownFileType = sourcecode.swift; path = DetailViewController.swift; sourceTree = "<group>"; };
		15B5CE5A1F4D7E650050E8A2 /* DetailViewController.xib */ = {isa = PBXFileReference; fileEncoding = 4; lastKnownFileType = file.xib; path = DetailViewController.xib; sourceTree = "<group>"; };
		15B5CE671F4D89590050E8A2 /* RightViewCell.swift */ = {isa = PBXFileReference; fileEncoding = 4; lastKnownFileType = sourcecode.swift; path = RightViewCell.swift; sourceTree = "<group>"; };
		15B5CE681F4D89590050E8A2 /* RightViewCell.xib */ = {isa = PBXFileReference; fileEncoding = 4; lastKnownFileType = file.xib; path = RightViewCell.xib; sourceTree = "<group>"; };
/* End PBXFileReference section */

/* Begin PBXFrameworksBuildPhase section */
		15B5CE381F4D61840050E8A2 /* Frameworks */ = {
			isa = PBXFrameworksBuildPhase;
			buildActionMask = 2147483647;
			files = (
			);
			runOnlyForDeploymentPostprocessing = 0;
		};
/* End PBXFrameworksBuildPhase section */

/* Begin PBXGroup section */
		15B5CE321F4D61840050E8A2 = {
			isa = PBXGroup;
			children = (
				15B5CE3D1F4D61840050E8A2 /* TableViewXIBCustomExample */,
				15B5CE3C1F4D61840050E8A2 /* Products */,
			);
			sourceTree = "<group>";
		};
		15B5CE3C1F4D61840050E8A2 /* Products */ = {
			isa = PBXGroup;
			children = (
				15B5CE3B1F4D61840050E8A2 /* TableViewXIBCustomExample.app */,
			);
			name = Products;
			sourceTree = "<group>";
		};
		15B5CE3D1F4D61840050E8A2 /* TableViewXIBCustomExample */ = {
			isa = PBXGroup;
			children = (
				15B5CE561F4D7DF10050E8A2 /* Detail */,
				15B5CE511F4D64D90050E8A2 /* Cell */,
				15B5CE3E1F4D61840050E8A2 /* AppDelegate.swift */,
				15B5CE401F4D61840050E8A2 /* ViewController.swift */,
				15B5CE421F4D61840050E8A2 /* Main.storyboard */,
				15B5CE451F4D61840050E8A2 /* Assets.xcassets */,
				15B5CE471F4D61840050E8A2 /* LaunchScreen.storyboard */,
				15B5CE4A1F4D61840050E8A2 /* Info.plist */,
			);
			path = TableViewXIBCustomExample;
			sourceTree = "<group>";
		};
		15B5CE511F4D64D90050E8A2 /* Cell */ = {
			isa = PBXGroup;
			children = (
				15B5CE521F4D65090050E8A2 /* MyTableViewCell.swift */,
				15B5CE531F4D65090050E8A2 /* MyTableViewCell.xib */,
				15B5CE671F4D89590050E8A2 /* RightViewCell.swift */,
				15B5CE681F4D89590050E8A2 /* RightViewCell.xib */,
			);
			name = Cell;
			sourceTree = "<group>";
		};
		15B5CE561F4D7DF10050E8A2 /* Detail */ = {
			isa = PBXGroup;
			children = (
				15B5CE591F4D7E650050E8A2 /* DetailViewController.swift */,
				15B5CE5A1F4D7E650050E8A2 /* DetailViewController.xib */,
			);
			name = Detail;
			sourceTree = "<group>";
		};
/* End PBXGroup section */

/* Begin PBXNativeTarget section */
		15B5CE3A1F4D61840050E8A2 /* TableViewXIBCustomExample */ = {
			isa = PBXNativeTarget;
			buildConfigurationList = 15B5CE4D1F4D61840050E8A2 /* Build configuration list for PBXNativeTarget "TableViewXIBCustomExample" */;
			buildPhases = (
				15B5CE371F4D61840050E8A2 /* Sources */,
				15B5CE381F4D61840050E8A2 /* Frameworks */,
				15B5CE391F4D61840050E8A2 /* Resources */,
			);
			buildRules = (
			);
			dependencies = (
			);
			name = TableViewXIBCustomExample;
			productName = TableViewXIBCustomExample;
			productReference = 15B5CE3B1F4D61840050E8A2 /* TableViewXIBCustomExample.app */;
			productType = "com.apple.product-type.application";
		};
/* End PBXNativeTarget section */

/* Begin PBXProject section */
		15B5CE331F4D61840050E8A2 /* Project object */ = {
			isa = PBXProject;
			attributes = {
				LastSwiftUpdateCheck = 0830;
				LastUpgradeCheck = 0830;
				ORGANIZATIONNAME = "Thach Nguyen";
				TargetAttributes = {
					15B5CE3A1F4D61840050E8A2 = {
						CreatedOnToolsVersion = 8.3.3;
						ProvisioningStyle = Automatic;
					};
				};
			};
			buildConfigurationList = 15B5CE361F4D61840050E8A2 /* Build configuration list for PBXProject "TableViewXIBCustomExample" */;
			compatibilityVersion = "Xcode 3.2";
			developmentRegion = English;
			hasScannedForEncodings = 0;
			knownRegions = (
				en,
				Base,
			);
			mainGroup = 15B5CE321F4D61840050E8A2;
			productRefGroup = 15B5CE3C1F4D61840050E8A2 /* Products */;
			projectDirPath = "";
			projectRoot = "";
			targets = (
				15B5CE3A1F4D61840050E8A2 /* TableViewXIBCustomExample */,
			);
		};
/* End PBXProject section */

/* Begin PBXResourcesBuildPhase section */
		15B5CE391F4D61840050E8A2 /* Resources */ = {
			isa = PBXResourcesBuildPhase;
			buildActionMask = 2147483647;
			files = (
				15B5CE491F4D61840050E8A2 /* LaunchScreen.storyboard in Resources */,
				15B5CE551F4D65090050E8A2 /* MyTableViewCell.xib in Resources */,
				15B5CE5C1F4D7E650050E8A2 /* DetailViewController.xib in Resources */,
				15B5CE461F4D61840050E8A2 /* Assets.xcassets in Resources */,
				15B5CE441F4D61840050E8A2 /* Main.storyboard in Resources */,
				15B5CE6A1F4D89590050E8A2 /* RightViewCell.xib in Resources */,
			);
			runOnlyForDeploymentPostprocessing = 0;
		};
/* End PBXResourcesBuildPhase section */

/* Begin PBXSourcesBuildPhase section */
		15B5CE371F4D61840050E8A2 /* Sources */ = {
			isa = PBXSourcesBuildPhase;
			buildActionMask = 2147483647;
			files = (
				15B5CE411F4D61840050E8A2 /* ViewController.swift in Sources */,
				15B5CE3F1F4D61840050E8A2 /* AppDelegate.swift in Sources */,
				15B5CE541F4D65090050E8A2 /* MyTableViewCell.swift in Sources */,
				15B5CE5B1F4D7E650050E8A2 /* DetailViewController.swift in Sources */,
				15B5CE691F4D89590050E8A2 /* RightViewCell.swift in Sources */,
			);
			runOnlyForDeploymentPostprocessing = 0;
		};
/* End PBXSourcesBuildPhase section */

/* Begin PBXVariantGroup section */
		15B5CE421F4D61840050E8A2 /* Main.storyboard */ = {
			isa = PBXVariantGroup;
			children = (
				15B5CE431F4D61840050E8A2 /* Base */,
			);
			name = Main.storyboard;
			sourceTree = "<group>";
		};
		15B5CE471F4D61840050E8A2 /* LaunchScreen.storyboard */ = {
			isa = PBXVariantGroup;
			children = (
				15B5CE481F4D61840050E8A2 /* Base */,
			);
			name = LaunchScreen.storyboard;
			sourceTree = "<group>";
		};
/* End PBXVariantGroup section */

/* Begin XCBuildConfiguration section */
		15B5CE4B1F4D61840050E8A2 /* Debug */ = {
			isa = XCBuildConfiguration;
			buildSettings = {
				ALWAYS_SEARCH_USER_PATHS = NO;
				CLANG_ANALYZER_NONNULL = YES;
				CLANG_ANALYZER_NUMBER_OBJECT_CONVERSION = YES_AGGRESSIVE;
				CLANG_CXX_LANGUAGE_STANDARD = "gnu++0x";
				CLANG_CXX_LIBRARY = "libc++";
				CLANG_ENABLE_MODULES = YES;
				CLANG_ENABLE_OBJC_ARC = YES;
				CLANG_WARN_BOOL_CONVERSION = YES;
				CLANG_WARN_CONSTANT_CONVERSION = YES;
				CLANG_WARN_DIRECT_OBJC_ISA_USAGE = YES_ERROR;
				CLANG_WARN_DOCUMENTATION_COMMENTS = YES;
				CLANG_WARN_EMPTY_BODY = YES;
				CLANG_WARN_ENUM_CONVERSION = YES;
				CLANG_WARN_INFINITE_RECURSION = YES;
				CLANG_WARN_INT_CONVERSION = YES;
				CLANG_WARN_OBJC_ROOT_CLASS = YES_ERROR;
				CLANG_WARN_SUSPICIOUS_MOVE = YES;
				CLANG_WARN_UNREACHABLE_CODE = YES;
				CLANG_WARN__DUPLICATE_METHOD_MATCH = YES;
				"CODE_SIGN_IDENTITY[sdk=iphoneos*]" = "iPhone Developer";
				COPY_PHASE_STRIP = NO;
				DEBUG_INFORMATION_FORMAT = dwarf;
				ENABLE_STRICT_OBJC_MSGSEND = YES;
				ENABLE_TESTABILITY = YES;
				GCC_C_LANGUAGE_STANDARD = gnu99;
				GCC_DYNAMIC_NO_PIC = NO;
				GCC_NO_COMMON_BLOCKS = YES;
				GCC_OPTIMIZATION_LEVEL = 0;
				GCC_PREPROCESSOR_DEFINITIONS = (
					"DEBUG=1",
					"$(inherited)",
				);
				GCC_WARN_64_TO_32_BIT_CONVERSION = YES;
				GCC_WARN_ABOUT_RETURN_TYPE = YES_ERROR;
				GCC_WARN_UNDECLARED_SELECTOR = YES;
				GCC_WARN_UNINITIALIZED_AUTOS = YES_AGGRESSIVE;
				GCC_WARN_UNUSED_FUNCTION = YES;
				GCC_WARN_UNUSED_VARIABLE = YES;
				IPHONEOS_DEPLOYMENT_TARGET = 10.3;
				MTL_ENABLE_DEBUG_INFO = YES;
				ONLY_ACTIVE_ARCH = YES;
				SDKROOT = iphoneos;
				SWIFT_ACTIVE_COMPILATION_CONDITIONS = DEBUG;
				SWIFT_OPTIMIZATION_LEVEL = "-Onone";
				TARGETED_DEVICE_FAMILY = "1,2";
			};
			name = Debug;
		};
		15B5CE4C1F4D61840050E8A2 /* Release */ = {
			isa = XCBuildConfiguration;
			buildSettings = {
				ALWAYS_SEARCH_USER_PATHS = NO;
				CLANG_ANALYZER_NONNULL = YES;
				CLANG_ANALYZER_NUMBER_OBJECT_CONVERSION = YES_AGGRESSIVE;
				CLANG_CXX_LANGUAGE_STANDARD = "gnu++0x";
				CLANG_CXX_LIBRARY = "libc++";
				CLANG_ENABLE_MODULES = YES;
				CLANG_ENABLE_OBJC_ARC = YES;
				CLANG_WARN_BOOL_CONVERSION = YES;
				CLANG_WARN_CONSTANT_CONVERSION = YES;
				CLANG_WARN_DIRECT_OBJC_ISA_USAGE = YES_ERROR;
				CLANG_WARN_DOCUMENTATION_COMMENTS = YES;
				CLANG_WARN_EMPTY_BODY = YES;
				CLANG_WARN_ENUM_CONVERSION = YES;
				CLANG_WARN_INFINITE_RECURSION = YES;
				CLANG_WARN_INT_CONVERSION = YES;
				CLANG_WARN_OBJC_ROOT_CLASS = YES_ERROR;
				CLANG_WARN_SUSPICIOUS_MOVE = YES;
				CLANG_WARN_UNREACHABLE_CODE = YES;
				CLANG_WARN__DUPLICATE_METHOD_MATCH = YES;
				"CODE_SIGN_IDENTITY[sdk=iphoneos*]" = "iPhone Developer";
				COPY_PHASE_STRIP = NO;
				DEBUG_INFORMATION_FORMAT = "dwarf-with-dsym";
				ENABLE_NS_ASSERTIONS = NO;
				ENABLE_STRICT_OBJC_MSGSEND = YES;
				GCC_C_LANGUAGE_STANDARD = gnu99;
				GCC_NO_COMMON_BLOCKS = YES;
				GCC_WARN_64_TO_32_BIT_CONVERSION = YES;
				GCC_WARN_ABOUT_RETURN_TYPE = YES_ERROR;
				GCC_WARN_UNDECLARED_SELECTOR = YES;
				GCC_WARN_UNINITIALIZED_AUTOS = YES_AGGRESSIVE;
				GCC_WARN_UNUSED_FUNCTION = YES;
				GCC_WARN_UNUSED_VARIABLE = YES;
				IPHONEOS_DEPLOYMENT_TARGET = 10.3;
				MTL_ENABLE_DEBUG_INFO = NO;
				SDKROOT = iphoneos;
				SWIFT_OPTIMIZATION_LEVEL = "-Owholemodule";
				TARGETED_DEVICE_FAMILY = "1,2";
				VALIDATE_PRODUCT = YES;
			};
			name = Release;
		};
		15B5CE4E1F4D61840050E8A2 /* Debug */ = {
			isa = XCBuildConfiguration;
			buildSettings = {
				ASSETCATALOG_COMPILER_APPICON_NAME = AppIcon;
				INFOPLIST_FILE = TableViewXIBCustomExample/Info.plist;
				LD_RUNPATH_SEARCH_PATHS = "$(inherited) @executable_path/Frameworks";
				PRODUCT_BUNDLE_IDENTIFIER = nnt2009.TableViewXIBCustomExample;
				PRODUCT_NAME = "$(TARGET_NAME)";
				SWIFT_VERSION = 3.0;
			};
			name = Debug;
		};
		15B5CE4F1F4D61840050E8A2 /* Release */ = {
			isa = XCBuildConfiguration;
			buildSettings = {
				ASSETCATALOG_COMPILER_APPICON_NAME = AppIcon;
				INFOPLIST_FILE = TableViewXIBCustomExample/Info.plist;
				LD_RUNPATH_SEARCH_PATHS = "$(inherited) @executable_path/Frameworks";
				PRODUCT_BUNDLE_IDENTIFIER = nnt2009.TableViewXIBCustomExample;
				PRODUCT_NAME = "$(TARGET_NAME)";
				SWIFT_VERSION = 3.0;
			};
			name = Release;
		};
/* End XCBuildConfiguration section */

/* Begin XCConfigurationList section */
		15B5CE361F4D61840050E8A2 /* Build configuration list for PBXProject "TableViewXIBCustomExample" */ = {
			isa = XCConfigurationList;
			buildConfigurations = (
				15B5CE4B1F4D61840050E8A2 /* Debug */,
				15B5CE4C1F4D61840050E8A2 /* Release */,
			);
			defaultConfigurationIsVisible = 0;
			defaultConfigurationName = Release;
		};
		15B5CE4D1F4D61840050E8A2 /* Build configuration list for PBXNativeTarget "TableViewXIBCustomExample" */ = {
			isa = XCConfigurationList;
			buildConfigurations = (
				15B5CE4E1F4D61840050E8A2 /* Debug */,
				15B5CE4F1F4D61840050E8A2 /* Release */,
			);
			defaultConfigurationIsVisible = 0;
			defaultConfigurationName = Release;
		};
/* End XCConfigurationList section */
	};
	rootObject = 15B5CE331F4D61840050E8A2 /* Project object */;
}
